<Solution>
  <Configurations>
    <Platform Name="Any CPU" />
  </Configurations>
  <Folder Name="/src/BuildingBlocks/">
    <Project Path="src/BuildingBlocks/ArcForges.Application.Abstractions/ArcForges.Application.Abstractions.csproj" />
    <Project Path="src/BuildingBlocks/ArcForges.Desktop.Experience/ArcForges.Desktop.Experience.csproj" />
    <Project Path="src/BuildingBlocks/ArcForges.Desktop.Graphics/ArcForges.Desktop.Graphics.csproj" />
    <Project Path="src/BuildingBlocks/ArcForges.Desktop.Preview/ArcForges.Desktop.Preview.csproj" />
    <Project Path="src/BuildingBlocks/ArcForges.Desktop.RichContent/ArcForges.Desktop.RichContent.csproj" />
    <Project Path="src/BuildingBlocks/ArcForges.Desktop.Text/ArcForges.Desktop.Text.csproj" />
    <Project Path="src/BuildingBlocks/ArcForges.Foundation/ArcForges.Foundation.csproj" />
    <Project Path="src/BuildingBlocks/ArcForges.NativeInterop/ArcForges.NativeInterop.csproj" />
    <Project Path="src/BuildingBlocks/ArcForges.Observability/ArcForges.Observability.csproj" />
    <Project Path="src/BuildingBlocks/ArcForges.Persistence.Sqlite/ArcForges.Persistence.Sqlite.csproj" />
    <Project Path="src/BuildingBlocks/ArcForges.Security/ArcForges.Security.csproj" />
  </Folder>
  <Folder Name="/src/DesktopHelpers/">
    <Project Path="src/DesktopHelpers/ArcForges.ContentSandbox/ArcForges.ContentSandbox.csproj" />
  </Folder>
  <Folder Name="/tests/NativeAbiTests/">
    <Project Path="tests/NativeAbiTests/ArcForges.Tests.NativeAbiTests.csproj" />
  </Folder>
  <Project Path="src/Build/ArcForges.Build.Policy/ArcForges.Build.Policy.csproj" />
  <Project Path="tests/ArchitectureTests/ArcForges.Tests.ArchitectureTests.csproj" />
</Solution>
