{
  "version": 2,
  "dependencies": {
    "net10.0-android1.0": {
      "Microsoft.CodeAnalysis.NetAnalyzers": {
        "type": "Direct",
        "requested": "[10.0.401, )",
        "resolved": "10.0.401",
        "contentHash": "qGPLk4hknvVp6j9Lowa0qykw1cK7CyEyyy2aVs4dkOGroOMHJLRsMpUT53IKvYT6q78jxv96FZhzy3BrKCPgmA=="
      },
      "Microsoft.Maui.Controls": {
        "type": "Direct",
        "requested": "[10.0.101, )",
        "resolved": "10.0.101",
        "contentHash": "2rgDm0YypMg9MyUSww2YWRYbZYwBHepQu/spIukyR+bOHBJ6IRAyC8AVY0VxCi9BGQZL2p5gp6Y6vusoBE/xgA==",
        "dependencies": {
          "Microsoft.Maui.Controls.Build.Tasks": "10.0.101",
          "Microsoft.Maui.Controls.Core": "10.0.101",
          "Microsoft.Maui.Controls.Xaml": "10.0.101",
          "Microsoft.Maui.Resizetizer": "10.0.101"
        }
      },
      "Microsoft.Extensions.Configuration": {
        "type": "Transitive",
        "resolved": "10.0.0",
        "contentHash": "H4SWETCh/cC5L1WtWchHR6LntGk3rDTTznZMssr4cL8IbDmMWBxY+MOGDc/ASnqNolLKPIWHWeuC1ddiL/iNPw==",
        "dependencies": {
          "Microsoft.Extensions.Configuration.Abstractions": "10.0.0",
          "Microsoft.Extensions.Primitives": "10.0.0"
        }
      },
      "Microsoft.Extensions.Configuration.Abstractions": {
        "type": "Transitive",
        "resolved": "10.0.10",
        "contentHash": "5Vnd2I75DmZCVEjSynIdJ/0EGafgnLQwgR3t2C2/fkjx/nRG+cLwxLLdInoHeCEpkD5K4Ov/g9ZCRYrl4TRsaA==",
        "dependencies": {
          "Microsoft.Extensions.Primitives": "10.0.10"
        }
      },
      "Microsoft.Extensions.DependencyInjection": {
        "type": "Transitive",
        "resolved": "10.0.0",
        "contentHash": "f0RBabswJq+gRu5a+hWIobrLWiUYPKMhCD9WO3sYBAdSy3FFH14LMvLVFZc2kPSCimBLxSuitUhsd6tb0TAY6A==",
        "dependencies": {
          "Microsoft.Extensions.DependencyInjection.Abstractions": "10.0.0"
        }
      },
      "Microsoft.Extensions.Diagnostics.Abstractions": {
        "type": "Transitive",
        "resolved": "10.0.10",
        "contentHash": "9uWiKpeOVac355STyChWR/pliFX/5CeLqChW9kKsaxyDH4EUTZxMkT4Jwp/J/peLm0GBFmSX5c0WCse3yCnq1Q==",
        "dependencies": {
          "Microsoft.Extensions.DependencyInjection.Abstractions": "10.0.10",
          "Microsoft.Extensions.Options": "10.0.10"
        }
      },
      "Microsoft.Extensions.FileProviders.Abstractions": {
        "type": "Transitive",
        "resolved": "10.0.10",
        "contentHash": "c5zqFCY9DiIpMovLd7/d/CTiEtrMOuQ639dhv3PABtKQIKNQikSHwQt8+N679uii9q+B55lgK28Uv64FOwEu8w==",
        "dependencies": {
          "Microsoft.Extensions.Primitives": "10.0.10"
        }
      },
      "Microsoft.Extensions.Logging": {
        "type": "Transitive",
        "resolved": "10.0.0",
        "contentHash": "BStFkd5CcnEtarlcgYDBcFzGYCuuNMzPs02wN3WBsOFoYIEmYoUdAiU+au6opzoqfTYJsMTW00AeqDdnXH2CvA==",
        "dependencies": {
          "Microsoft.Extensions.DependencyInjection": "10.0.0",
          "Microsoft.Extensions.Logging.Abstractions": "10.0.0",
          "Microsoft.Extensions.Options": "10.0.0"
        }
      },
      "Microsoft.Extensions.Options": {
        "type": "Transitive",
        "resolved": "10.0.10",
        "contentHash": "srnhnk7nE8krBiIXp71LvBmKBtraBONWSRzdjJgRv1Ko9Mp8IVNqv4vIS9hGeVteBig8aQkva9ZG+sC+o5sVcA==",
        "dependencies": {
          "Microsoft.Extensions.DependencyInjection.Abstractions": "10.0.10",
          "Microsoft.Extensions.Primitives": "10.0.10"
        }
      },
      "Microsoft.Extensions.Primitives": {
        "type": "Transitive",
        "resolved": "10.0.10",
        "contentHash": "5wu/GrYVd8mG2DVUw3vFJzF+O336TyTGg/Kmcgw9bfwYhCoFiV5lR5QeEmKecJyrW4W54nMfD3p3589E8a7czQ=="
      },
      "Microsoft.Maui.Controls.Build.Tasks": {
        "type": "Transitive",
        "resolved": "10.0.101",
        "contentHash": "cMM0NkF2CWBEteFs0Vde/GsP2ywzF4kXXSK5BD5fUDhno2hS+2tavQL85ZVcy04Aueaxg3789dPIwms8kLGFWg==",
        "dependencies": {
          "Microsoft.Maui.Controls.Core": "10.0.101",
          "Microsoft.Maui.Controls.Xaml": "10.0.101"
        }
      },
      "Microsoft.Maui.Controls.Core": {
        "type": "Transitive",
        "resolved": "10.0.101",
        "contentHash": "zwxoNytanyMw+SHavluYuvRKD9/sPdtF5q41VuvfIjw3Cy6/FwkgIbFxvhtxSZN8VD3DwkxE6Dc3L/eLwYdytQ==",
        "dependencies": {
          "Microsoft.Extensions.Configuration": "10.0.0",
          "Microsoft.Extensions.DependencyInjection": "10.0.0",
          "Microsoft.Extensions.Logging": "10.0.0",
          "Microsoft.Extensions.Logging.Abstractions": "10.0.0",
          "Microsoft.Maui.Core": "10.0.101"
        }
      },
      "Microsoft.Maui.Controls.Xaml": {
        "type": "Transitive",
        "resolved": "10.0.101",
        "contentHash": "A3IaoDBvGFUn0maYSLRYxVotnCVkCL1+3RxA6XhmEQNhQ3ETx//gksXRGksL8d3jFPwwTaxA2pDbcN3KIr2Pqg==",
        "dependencies": {
          "Microsoft.Extensions.Configuration": "10.0.0",
          "Microsoft.Maui.Controls.Core": "10.0.101",
          "Microsoft.Maui.Core": "10.0.101"
        }
      },
      "Microsoft.Maui.Core": {
        "type": "Transitive",
        "resolved": "10.0.101",
        "contentHash": "RL7KguQE/JcDSnR0b4+r/7ql4Zhp/1n0e5iE+z1n5EYC8Ty1lr5slG5rdAOiMTWI5K9fWaHFcJqsuADract5uQ==",
        "dependencies": {
          "Microsoft.Extensions.Configuration": "10.0.0",
          "Microsoft.Extensions.DependencyInjection": "10.0.0",
          "Microsoft.Extensions.Hosting.Abstractions": "10.0.0",
          "Microsoft.Extensions.Logging": "10.0.0",
          "Microsoft.Extensions.Logging.Abstractions": "10.0.0",
          "Microsoft.Maui.Essentials": "10.0.101",
          "Microsoft.Maui.Graphics": "10.0.101"
        }
      },
      "Microsoft.Maui.Essentials": {
        "type": "Transitive",
        "resolved": "10.0.101",
        "contentHash": "u8cPWwp6LJXuAutyyLbDXAcejB5GjzxNY4wzc/pu3dMLSRAimuX3xZBafbMhkbSiNiROondtedWZWE3FIRbi7A==",
        "dependencies": {
          "Microsoft.Maui.Graphics": "10.0.101"
        }
      },
      "Microsoft.Maui.Graphics": {
        "type": "Transitive",
        "resolved": "10.0.101",
        "contentHash": "Ydtb8Q9MSd8MTJd5IVV+Ef3NPmkpTM2mAMZkWGcpzXzE5tmtL6T/XSh+GFOQb0sp2+X6yKzStnAkge7okVPqwg=="
      },
      "Microsoft.Maui.Resizetizer": {
        "type": "Transitive",
        "resolved": "10.0.101",
        "contentHash": "sgaFCRT2K9X8CAfn4YLucteQKydt/SgJY9jGEa1Ypoud/ZLA47fU5IAICCmbIzdWJHx7V4DEta7cCzyxH65Uqw=="
      },
      "arcchat.mobile.application": {
        "type": "Project",
        "dependencies": {
          "ArcChat.Mobile.Domain": "[1.0.0, )"
        }
      },
      "arcchat.mobile.cloudclient": {
        "type": "Project",
        "dependencies": {
          "ArcChat.Mobile.Application": "[1.0.0, )",
          "ArcChat.Mobile.Contracts": "[1.0.0, )"
        }
      },
      "arcchat.mobile.contracts": {
        "type": "Project",
        "dependencies": {
          "ArcForges.Contracts.PublicApi": "[1.0.0, )",
          "ArcForges.Contracts.Realtime": "[1.0.0, )"
        }
      },
      "arcchat.mobile.domain": {
        "type": "Project"
      },
      "arcchat.mobile.persistence": {
        "type": "Project",
        "dependencies": {
          "ArcChat.Mobile.Application": "[1.0.0, )",
          "ArcChat.Mobile.Domain": "[1.0.0, )"
        }
      },
      "arcchat.mobile.presentation": {
        "type": "Project",
        "dependencies": {
          "ArcChat.Mobile.Application": "[1.0.0, )"
        }
      },
      "arcchat.mobile.realtime": {
        "type": "Project",
        "dependencies": {
          "ArcChat.Mobile.Application": "[1.0.0, )",
          "ArcChat.Mobile.Contracts": "[1.0.0, )"
        }
      },
      "arcforges.contracts.agent": {
        "type": "Project",
        "dependencies": {
          "ArcForges.Contracts.Foundation": "[1.0.0, )"
        }
      },
      "arcforges.contracts.foundation": {
        "type": "Project"
      },
      "arcforges.contracts.publicapi": {
        "type": "Project",
        "dependencies": {
          "ArcForges.Contracts.Agent": "[1.0.0, )",
          "ArcForges.Contracts.Foundation": "[1.0.0, )",
          "ArcForges.Contracts.Sync": "[1.0.0, )"
        }
      },
      "arcforges.contracts.realtime": {
        "type": "Project",
        "dependencies": {
          "ArcForges.Contracts.Agent": "[1.0.0, )",
          "ArcForges.Contracts.Foundation": "[1.0.0, )",
          "ArcForges.Contracts.Sync": "[1.0.0, )"
        }
      },
      "arcforges.contracts.sync": {
        "type": "Project",
        "dependencies": {
          "ArcForges.Contracts.Foundation": "[1.0.0, )"
        }
      },
      "Microsoft.Extensions.DependencyInjection.Abstractions": {
        "type": "CentralTransitive",
        "requested": "[10.0.10, )",
        "resolved": "10.0.10",
        "contentHash": "z/2xXlFw2aLGjHyEm6E0tQ+In6VfzQzTrtArbQ2c0TQE16ZbyDCMGPvaUT9I0s8rgy9sRWlU2P9waW37qV04qA=="
      },
      "Microsoft.Extensions.Hosting.Abstractions": {
        "type": "CentralTransitive",
        "requested": "[10.0.10, )",
        "resolved": "10.0.10",
        "contentHash": "5LugpYGHk+mkn0a8IZgcyfBca8PCTAU9RQFoMrTdtOOidq88M2SI5f3px6ugnzgxC+eTkvYYJi8pzlUnG5xdAQ==",
        "dependencies": {
          "Microsoft.Extensions.Configuration.Abstractions": "10.0.10",
          "Microsoft.Extensions.DependencyInjection.Abstractions": "10.0.10",
          "Microsoft.Extensions.Diagnostics.Abstractions": "10.0.10",
          "Microsoft.Extensions.FileProviders.Abstractions": "10.0.10",
          "Microsoft.Extensions.Logging.Abstractions": "10.0.10"
        }
      },
      "Microsoft.Extensions.Logging.Abstractions": {
        "type": "CentralTransitive",
        "requested": "[10.0.10, )",
        "resolved": "10.0.10",
        "contentHash": "zkFxGYUvdxAvIKTyXHrmW+Sux53D4SezD9dMyZ6hrwwzPQJNuwCRy1f5W7AvYTqacEGhWF2XderRQG1OvbV8og==",
        "dependencies": {
          "Microsoft.Extensions.DependencyInjection.Abstractions": "10.0.10"
        }
      }
    },
    "net10.0-android1.0/android-arm64": {},
    "net10.0-android1.0/android-x64": {}
  }
}